
Microsoft Visual Studio Solution File, Format Version 12.00
Project("{FAE04EC0-301F-11D3-BF4B-00C04F79EFBC}") = "MDT", "MDT\MDT.csproj", "{7FC1D52A-54AD-4B3F-A43A-673C611966C4}"
EndProject
Project("{FAE04EC0-301F-11D3-BF4B-00C04F79EFBC}") = "MDT.Server", "MDT.Server\MDT.Server.csproj", "{CFBF53DB-A33A-40A2-9D1D-CABCCCA8E223}"
EndProject
Project("{FAE04EC0-301F-11D3-BF4B-00C04F79EFBC}") = "MDT.Lib", "MDT.Lib\MDT.Lib.csproj", "{06497152-E366-4ED5-B63A-CF1382353A56}"
EndProject
Global
	GlobalSection(SolutionConfigurationPlatforms) = preSolution
		Debug|Any CPU = Debug|Any CPU
		Release|Any CPU = Release|Any CPU
	EndGlobalSection
	GlobalSection(ProjectConfigurationPlatforms) = postSolution
		{7FC1D52A-54AD-4B3F-A43A-673C611966C4}.Debug|Any CPU.ActiveCfg = Debug|Any CPU
		{7FC1D52A-54AD-4B3F-A43A-673C611966C4}.Debug|Any CPU.Build.0 = Debug|Any CPU
		{7FC1D52A-54AD-4B3F-A43A-673C611966C4}.Release|Any CPU.ActiveCfg = Release|Any CPU
		{7FC1D52A-54AD-4B3F-A43A-673C611966C4}.Release|Any CPU.Build.0 = Release|Any CPU
		{CFBF53DB-A33A-40A2-9D1D-CABCCCA8E223}.Debug|Any CPU.ActiveCfg = Debug|Any CPU
		{CFBF53DB-A33A-40A2-9D1D-CABCCCA8E223}.Debug|Any CPU.Build.0 = Debug|Any CPU
		{CFBF53DB-A33A-40A2-9D1D-CABCCCA8E223}.Release|Any CPU.ActiveCfg = Release|Any CPU
		{CFBF53DB-A33A-40A2-9D1D-CABCCCA8E223}.Release|Any CPU.Build.0 = Release|Any CPU
		{06497152-E366-4ED5-B63A-CF1382353A56}.Debug|Any CPU.ActiveCfg = Debug|Any CPU
		{06497152-E366-4ED5-B63A-CF1382353A56}.Debug|Any CPU.Build.0 = Debug|Any CPU
		{06497152-E366-4ED5-B63A-CF1382353A56}.Release|Any CPU.ActiveCfg = Release|Any CPU
		{06497152-E366-4ED5-B63A-CF1382353A56}.Release|Any CPU.Build.0 = Release|Any CPU
	EndGlobalSection
EndGlobal
